Microsoft Visual Studio Solution File, Format Version 12.00
# Visual Studio Version 16
VisualStudioVersion = 16.0.0.0
MinimumVisualStudioVersion = 16.0.0.0
Project("{9A19103F-16F7-4668-BE54-9A1E7A4F7556}") = "WasmIntegrateExp.Server", "Server\WasmIntegrateExp.Server.csproj", "{91EE4A55-03CF-42C5-9C19-D632F8F703F1}"
EndProject
Project("{9A19103F-16F7-4668-BE54-9A1E7A4F7556}") = "WasmIntegrateExp.Client", "Client\WasmIntegrateExp.Client.csproj", "{66D8296F-9AF4-4568-9EEB-8779FEF5CB0E}"
EndProject
Project("{9A19103F-16F7-4668-BE54-9A1E7A4F7556}") = "WasmIntegrateExp.Shared", "Shared\WasmIntegrateExp.Shared.csproj", "{9C8E82EE-2F35-4A31-A303-C1428C505273}"
EndProject
Global
	GlobalSection(SolutionConfigurationPlatforms) = preSolution
		Debug|Any CPU = Debug|Any CPU
		Debug|x64 = Debug|x64
		Debug|x86 = Debug|x86
		Release|Any CPU = Release|Any CPU
		Release|x64 = Release|x64
		Release|x86 = Release|x86
	EndGlobalSection
	GlobalSection(ProjectConfigurationPlatforms) = postSolution
		{66D8296F-9AF4-4568-9EEB-8779FEF5CB0E}.Debug|Any CPU.ActiveCfg = Debug|Any CPU
		{66D8296F-9AF4-4568-9EEB-8779FEF5CB0E}.Debug|Any CPU.Build.0 = Debug|Any CPU
		{66D8296F-9AF4-4568-9EEB-8779FEF5CB0E}.Debug|x64.ActiveCfg = Debug|Any CPU
		{66D8296F-9AF4-4568-9EEB-8779FEF5CB0E}.Debug|x64.Build.0 = Debug|Any CPU
		{66D8296F-9AF4-4568-9EEB-8779FEF5CB0E}.Debug|x86.ActiveCfg = Debug|Any CPU
		{66D8296F-9AF4-4568-9EEB-8779FEF5CB0E}.Debug|x86.Build.0 = Debug|Any CPU
		{66D8296F-9AF4-4568-9EEB-8779FEF5CB0E}.Release|Any CPU.ActiveCfg = Release|Any CPU
		{66D8296F-9AF4-4568-9EEB-8779FEF5CB0E}.Release|Any CPU.Build.0 = Release|Any CPU
		{66D8296F-9AF4-4568-9EEB-8779FEF5CB0E}.Release|x64.ActiveCfg = Release|Any CPU
		{66D8296F-9AF4-4568-9EEB-8779FEF5CB0E}.Release|x64.Build.0 = Release|Any CPU
		{66D8296F-9AF4-4568-9EEB-8779FEF5CB0E}.Release|x86.ActiveCfg = Release|Any CPU
		{66D8296F-9AF4-4568-9EEB-8779FEF5CB0E}.Release|x86.Build.0 = Release|Any CPU
		{91EE4A55-03CF-42C5-9C19-D632F8F703F1}.Debug|Any CPU.ActiveCfg = Debug|Any CPU
		{91EE4A55-03CF-42C5-9C19-D632F8F703F1}.Debug|Any CPU.Build.0 = Debug|Any CPU
		{91EE4A55-03CF-42C5-9C19-D632F8F703F1}.Debug|x64.ActiveCfg = Debug|Any CPU
		{91EE4A55-03CF-42C5-9C19-D632F8F703F1}.Debug|x64.Build.0 = Debug|Any CPU
		{91EE4A55-03CF-42C5-9C19-D632F8F703F1}.Debug|x86.ActiveCfg = Debug|Any CPU
		{91EE4A55-03CF-42C5-9C19-D632F8F703F1}.Debug|x86.Build.0 = Debug|Any CPU
		{91EE4A55-03CF-42C5-9C19-D632F8F703F1}.Release|Any CPU.ActiveCfg = Release|Any CPU
		{91EE4A55-03CF-42C5-9C19-D632F8F703F1}.Release|Any CPU.Build.0 = Release|Any CPU
		{91EE4A55-03CF-42C5-9C19-D632F8F703F1}.Release|x64.ActiveCfg = Release|Any CPU
		{91EE4A55-03CF-42C5-9C19-D632F8F703F1}.Release|x64.Build.0 = Release|Any CPU
		{91EE4A55-03CF-42C5-9C19-D632F8F703F1}.Release|x86.ActiveCfg = Release|Any CPU
		{91EE4A55-03CF-42C5-9C19-D632F8F703F1}.Release|x86.Build.0 = Release|Any CPU
		{9C8E82EE-2F35-4A31-A303-C1428C505273}.Debug|Any CPU.ActiveCfg = Debug|Any CPU
		{9C8E82EE-2F35-4A31-A303-C1428C505273}.Debug|Any CPU.Build.0 = Debug|Any CPU
		{9C8E82EE-2F35-4A31-A303-C1428C505273}.Debug|x64.ActiveCfg = Debug|Any CPU
		{9C8E82EE-2F35-4A31-A303-C1428C505273}.Debug|x64.Build.0 = Debug|Any CPU
		{9C8E82EE-2F35-4A31-A303-C1428C505273}.Debug|x86.ActiveCfg = Debug|Any CPU
		{9C8E82EE-2F35-4A31-A303-C1428C505273}.Debug|x86.Build.0 = Debug|Any CPU
		{9C8E82EE-2F35-4A31-A303-C1428C505273}.Release|Any CPU.ActiveCfg = Release|Any CPU
		{9C8E82EE-2F35-4A31-A303-C1428C505273}.Release|Any CPU.Build.0 = Release|Any CPU
		{9C8E82EE-2F35-4A31-A303-C1428C505273}.Release|x64.ActiveCfg = Release|Any CPU
		{9C8E82EE-2F35-4A31-A303-C1428C505273}.Release|x64.Build.0 = Release|Any CPU
		{9C8E82EE-2F35-4A31-A303-C1428C505273}.Release|x86.ActiveCfg = Release|Any CPU
		{9C8E82EE-2F35-4A31-A303-C1428C505273}.Release|x86.Build.0 = Release|Any CPU
	EndGlobalSection
	GlobalSection(SolutionProperties) = preSolution
		HideSolutionNode = FALSE
	EndGlobalSection
	GlobalSection(ExtensibilityGlobals) = postSolution
		SolutionGuid = {F93550A2-A59B-4FEC-BE5C-C758D3E5382B}
	EndGlobalSection
EndGlobal